
Microsoft Visual Studio Solution File, Format Version 12.00
# Visual Studio Version 16
VisualStudioVersion = 16.0.29020.237
MinimumVisualStudioVersion = 10.0.40219.1
Project("{FAE04EC0-301F-11D3-BF4B-00C04F79EFBC}") = "EveIntelReader", "EveIntelReader.csproj", "{88EC7F28-D6BF-4453-9E53-5B15413D986D}"
EndProject
Global
	GlobalSection(SolutionConfigurationPlatforms) = preSolution
		Debug|Any CPU = Debug|Any CPU
		Release|Any CPU = Release|Any CPU
	EndGlobalSection
	GlobalSection(ProjectConfigurationPlatforms) = postSolution
		{88EC7F28-D6BF-4453-9E53-5B15413D986D}.Debug|Any CPU.ActiveCfg = Debug|Any CPU
		{88EC7F28-D6BF-4453-9E53-5B15413D986D}.Debug|Any CPU.Build.0 = Debug|Any CPU
		{88EC7F28-D6BF-4453-9E53-5B15413D986D}.Release|Any CPU.ActiveCfg = Release|Any CPU
		{88EC7F28-D6BF-4453-9E53-5B15413D986D}.Release|Any CPU.Build.0 = Release|Any CPU
	EndGlobalSection
	GlobalSection(SolutionProperties) = preSolution
		HideSolutionNode = FALSE
	EndGlobalSection
	GlobalSection(ExtensibilityGlobals) = postSolution
		SolutionGuid = {A2B0B1E8-AD6C-4D3D-8142-7A0E5B8CBFD7}
	EndGlobalSection
EndGlobal
